
Microsoft Visual Studio Solution File, Format Version 12.00
# Visual Studio Version 16
VisualStudioVersion = 16.0.31005.135
MinimumVisualStudioVersion = 10.0.40219.1
Project("{FAE04EC0-301F-11D3-BF4B-00C04F79EFBC}") = "Tanks", "Tanks\Tanks.csproj", "{46834358-0600-4B68-95A4-6FDC6EAD591E}"
EndProject
Global
	GlobalSection(SolutionConfigurationPlatforms) = preSolution
		Debug|Any CPU = Debug|Any CPU
		Release|Any CPU = Release|Any CPU
	EndGlobalSection
	GlobalSection(ProjectConfigurationPlatforms) = postSolution
		{46834358-0600-4B68-95A4-6FDC6EAD591E}.Debug|Any CPU.ActiveCfg = Debug|Any CPU
		{46834358-0600-4B68-95A4-6FDC6EAD591E}.Debug|Any CPU.Build.0 = Debug|Any CPU
		{46834358-0600-4B68-95A4-6FDC6EAD591E}.Release|Any CPU.ActiveCfg = Release|Any CPU
		{46834358-0600-4B68-95A4-6FDC6EAD591E}.Release|Any CPU.Build.0 = Release|Any CPU
	EndGlobalSection
	GlobalSection(SolutionProperties) = preSolution
		HideSolutionNode = FALSE
	EndGlobalSection
	GlobalSection(ExtensibilityGlobals) = postSolution
		SolutionGuid = {BED2AE51-E945-4601-9873-F53B73DC0A2B}
	EndGlobalSection
EndGlobal
