
Microsoft Visual Studio Solution File, Format Version 12.00
# Visual Studio Version 16
VisualStudioVersion = 16.0.31005.135
MinimumVisualStudioVersion = 10.0.40219.1
Project("{FAE04EC0-301F-11D3-BF4B-00C04F79EFBC}") = "WpfApp1", "WpfApp1\WpfApp1.csproj", "{E789E080-879A-4C21-8DAC-46A82239FE3C}"
EndProject
Project("{FAE04EC0-301F-11D3-BF4B-00C04F79EFBC}") = "WpfApp2", "WpfApp2\WpfApp2.csproj", "{0EB8E536-BF37-4A45-A84E-4F66FDEEAF57}"
EndProject
Project("{FAE04EC0-301F-11D3-BF4B-00C04F79EFBC}") = "WpfApp3", "WpfApp3\WpfApp3.csproj", "{C1EB9C28-B4D7-440A-99A4-130D11DAC911}"
EndProject
Project("{FAE04EC0-301F-11D3-BF4B-00C04F79EFBC}") = "Для отчёта 2", "Для отчёта 2\Для отчёта 2.csproj", "{F7C7B7B6-83E9-419A-9E9F-DE53F89293AE}"
EndProject
Project("{FAE04EC0-301F-11D3-BF4B-00C04F79EFBC}") = "Для отчёта 1", "Для отчёта 1\Для отчёта 1.csproj", "{9D6EED75-2AE2-40C4-A6CF-B3D4B80BF7F1}"
EndProject
Project("{FAE04EC0-301F-11D3-BF4B-00C04F79EFBC}") = "test", "test\test.csproj", "{9177C9B7-F8BE-456A-8DFA-4F7121DC8DA2}"
EndProject
Project("{FAE04EC0-301F-11D3-BF4B-00C04F79EFBC}") = "Для отчёт 3", "Для отчёт 3\Для отчёт 3.csproj", "{9E7F868D-A776-41BF-AF04-A8BADB19870B}"
EndProject
Global
	GlobalSection(SolutionConfigurationPlatforms) = preSolution
		Debug|Any CPU = Debug|Any CPU
		Release|Any CPU = Release|Any CPU
	EndGlobalSection
	GlobalSection(ProjectConfigurationPlatforms) = postSolution
		{E789E080-879A-4C21-8DAC-46A82239FE3C}.Debug|Any CPU.ActiveCfg = Debug|Any CPU
		{E789E080-879A-4C21-8DAC-46A82239FE3C}.Debug|Any CPU.Build.0 = Debug|Any CPU
		{E789E080-879A-4C21-8DAC-46A82239FE3C}.Release|Any CPU.ActiveCfg = Release|Any CPU
		{E789E080-879A-4C21-8DAC-46A82239FE3C}.Release|Any CPU.Build.0 = Release|Any CPU
		{0EB8E536-BF37-4A45-A84E-4F66FDEEAF57}.Debug|Any CPU.ActiveCfg = Debug|Any CPU
		{0EB8E536-BF37-4A45-A84E-4F66FDEEAF57}.Debug|Any CPU.Build.0 = Debug|Any CPU
		{0EB8E536-BF37-4A45-A84E-4F66FDEEAF57}.Release|Any CPU.ActiveCfg = Release|Any CPU
		{0EB8E536-BF37-4A45-A84E-4F66FDEEAF57}.Release|Any CPU.Build.0 = Release|Any CPU
		{C1EB9C28-B4D7-440A-99A4-130D11DAC911}.Debug|Any CPU.ActiveCfg = Debug|Any CPU
		{C1EB9C28-B4D7-440A-99A4-130D11DAC911}.Debug|Any CPU.Build.0 = Debug|Any CPU
		{C1EB9C28-B4D7-440A-99A4-130D11DAC911}.Release|Any CPU.ActiveCfg = Release|Any CPU
		{C1EB9C28-B4D7-440A-99A4-130D11DAC911}.Release|Any CPU.Build.0 = Release|Any CPU
		{F7C7B7B6-83E9-419A-9E9F-DE53F89293AE}.Debug|Any CPU.ActiveCfg = Debug|Any CPU
		{F7C7B7B6-83E9-419A-9E9F-DE53F89293AE}.Debug|Any CPU.Build.0 = Debug|Any CPU
		{F7C7B7B6-83E9-419A-9E9F-DE53F89293AE}.Release|Any CPU.ActiveCfg = Release|Any CPU
		{F7C7B7B6-83E9-419A-9E9F-DE53F89293AE}.Release|Any CPU.Build.0 = Release|Any CPU
		{9D6EED75-2AE2-40C4-A6CF-B3D4B80BF7F1}.Debug|Any CPU.ActiveCfg = Debug|Any CPU
		{9D6EED75-2AE2-40C4-A6CF-B3D4B80BF7F1}.Debug|Any CPU.Build.0 = Debug|Any CPU
		{9D6EED75-2AE2-40C4-A6CF-B3D4B80BF7F1}.Release|Any CPU.ActiveCfg = Release|Any CPU
		{9D6EED75-2AE2-40C4-A6CF-B3D4B80BF7F1}.Release|Any CPU.Build.0 = Release|Any CPU
		{9177C9B7-F8BE-456A-8DFA-4F7121DC8DA2}.Debug|Any CPU.ActiveCfg = Debug|Any CPU
		{9177C9B7-F8BE-456A-8DFA-4F7121DC8DA2}.Debug|Any CPU.Build.0 = Debug|Any CPU
		{9177C9B7-F8BE-456A-8DFA-4F7121DC8DA2}.Release|Any CPU.ActiveCfg = Release|Any CPU
		{9177C9B7-F8BE-456A-8DFA-4F7121DC8DA2}.Release|Any CPU.Build.0 = Release|Any CPU
		{9E7F868D-A776-41BF-AF04-A8BADB19870B}.Debug|Any CPU.ActiveCfg = Debug|Any CPU
		{9E7F868D-A776-41BF-AF04-A8BADB19870B}.Debug|Any CPU.Build.0 = Debug|Any CPU
		{9E7F868D-A776-41BF-AF04-A8BADB19870B}.Release|Any CPU.ActiveCfg = Release|Any CPU
		{9E7F868D-A776-41BF-AF04-A8BADB19870B}.Release|Any CPU.Build.0 = Release|Any CPU
	EndGlobalSection
	GlobalSection(SolutionProperties) = preSolution
		HideSolutionNode = FALSE
	EndGlobalSection
	GlobalSection(ExtensibilityGlobals) = postSolution
		SolutionGuid = {1AF195AA-DEF7-4878-82F4-6B4F32BED61A}
	EndGlobalSection
EndGlobal
