
Microsoft Visual Studio Solution File, Format Version 12.00
# Visual Studio Version 16
VisualStudioVersion = 16.0.30907.101
MinimumVisualStudioVersion = 10.0.40219.1
Project("{FAE04EC0-301F-11D3-BF4B-00C04F79EFBC}") = "Зачет по кп", "Зачет по кп\Зачет по кп.csproj", "{370DC0B1-B74C-4EB0-9D04-E28233BCFCF6}"
EndProject
Global
	GlobalSection(SolutionConfigurationPlatforms) = preSolution
		Debug|Any CPU = Debug|Any CPU
		Release|Any CPU = Release|Any CPU
	EndGlobalSection
	GlobalSection(ProjectConfigurationPlatforms) = postSolution
		{370DC0B1-B74C-4EB0-9D04-E28233BCFCF6}.Debug|Any CPU.ActiveCfg = Debug|Any CPU
		{370DC0B1-B74C-4EB0-9D04-E28233BCFCF6}.Debug|Any CPU.Build.0 = Debug|Any CPU
		{370DC0B1-B74C-4EB0-9D04-E28233BCFCF6}.Release|Any CPU.ActiveCfg = Release|Any CPU
		{370DC0B1-B74C-4EB0-9D04-E28233BCFCF6}.Release|Any CPU.Build.0 = Release|Any CPU
	EndGlobalSection
	GlobalSection(SolutionProperties) = preSolution
		HideSolutionNode = FALSE
	EndGlobalSection
	GlobalSection(ExtensibilityGlobals) = postSolution
		SolutionGuid = {720524D8-520F-4513-BF7F-A855F443D508}
	EndGlobalSection
EndGlobal
